
Microsoft Visual Studio Solution File, Format Version 12.00
# Visual Studio Version 16
VisualStudioVersion = 16.0.31402.337
MinimumVisualStudioVersion = 10.0.40219.1
Project("{9A19103F-16F7-4668-BE54-9A1E7A4F7556}") = "POCs", "Alliant\POCs.csproj", "{5CBAC215-FEC9-41E3-99D6-C4D756C716D5}"
EndProject
Global
	GlobalSection(SolutionConfigurationPlatforms) = preSolution
		Debug|Any CPU = Debug|Any CPU
		Release|Any CPU = Release|Any CPU
	EndGlobalSection
	GlobalSection(ProjectConfigurationPlatforms) = postSolution
		{5CBAC215-FEC9-41E3-99D6-C4D756C716D5}.Debug|Any CPU.ActiveCfg = Debug|Any CPU
		{5CBAC215-FEC9-41E3-99D6-C4D756C716D5}.Debug|Any CPU.Build.0 = Debug|Any CPU
		{5CBAC215-FEC9-41E3-99D6-C4D756C716D5}.Release|Any CPU.ActiveCfg = Release|Any CPU
		{5CBAC215-FEC9-41E3-99D6-C4D756C716D5}.Release|Any CPU.Build.0 = Release|Any CPU
	EndGlobalSection
	GlobalSection(SolutionProperties) = preSolution
		HideSolutionNode = FALSE
	EndGlobalSection
	GlobalSection(ExtensibilityGlobals) = postSolution
		SolutionGuid = {1EC2A991-E195-4BED-A694-46482CADAD5E}
	EndGlobalSection
EndGlobal
